{
  "name": "autonomous-coding-toolkit",
  "version": "1.0.0",
  "lockfileVersion": 3,
  "requires": true,
  "packages": {
    "": {
      "name": "autonomous-coding-toolkit",
      "version": "1.0.0",
      "license": "MIT",
      "os": [
        "linux",
        "darwin",
        "win32"
      ],
      "bin": {
        "act": "bin/act.js"
      },
      "engines": {
        "node": ">=18.0.0"
      }
    }
  }
}
